<?xml version="1.0" encoding="UTF-8" standalone="yes" ?>
<CodeBlocks_project_file>
	<FileVersion major="1" minor="6" />
	<Project>
		<Option title="1erParcialGalletitas" />
		<Option pch_mode="2" />
		<Option compiler="gcc" />
		<Build>
			<Target title="Debug">
				<Option output="bin/Debug/1erParcialGalletitas" prefix_auto="1" extension_auto="1" />
				<Option object_output="obj/Debug/" />
				<Option type="1" />
				<Option compiler="gcc" />
				<Compiler>
					<Add option="-g" />
					<Add directory="include" />
				</Compiler>
				<Linker>
					<Add directory="../lib" />
				</Linker>
			</Target>
			<Target title="Release">
				<Option output="bin/Release/1erParcialGalletitas" prefix_auto="1" extension_auto="1" />
				<Option object_output="obj/Release/" />
				<Option type="1" />
				<Option compiler="gcc" />
				<Compiler>
					<Add option="-O2" />
				</Compiler>
				<Linker>
					<Add option="-s" />
				</Linker>
			</Target>
		</Build>
		<Compiler>
			<Add option="-Wall" />
			<Add directory="../include" />
		</Compiler>
		<Linker>
			<Add library="lib/libSolucionParcialGalletitasTopicos.a" />
			<Add library="lib/libCadena.a" />
			<Add library="lib/libPalabra.a" />
			<Add library="lib/libVector.a" />
			<Add directory="../lib" />
		</Linker>
		<Unit filename="include/Cadena.h" />
		<Unit filename="include/Caracter.h" />
		<Unit filename="include/Comun.h" />
		<Unit filename="include/Palabra.h" />
		<Unit filename="include/SecPal.h" />
		<Unit filename="include/SolucionParcialGalletitasTopicos.h" />
		<Unit filename="include/Vector.h" />
		<Unit filename="main.c">
			<Option compilerVar="CC" />
		</Unit>
		<Extensions />
	</Project>
</CodeBlocks_project_file>
